
Microsoft Visual Studio Solution File, Format Version 12.00
# Visual Studio Version 17
VisualStudioVersion = 17.0.31903.59
MinimumVisualStudioVersion = 10.0.40219.1
Project("{2150E333-8FDC-42A3-9474-1A3956D46DE8}") = "src", "src", "{8B8E0460-FAC3-43AB-A680-F0C362252BF7}"
EndProject
Project("{FAE04EC0-301F-11D3-BF4B-00C04F79EFBC}") = "Notchify", "src\Notchify\Notchify.csproj", "{833F01E7-5BA1-4977-A9CD-B648F1156016}"
EndProject
Global
	GlobalSection(SolutionConfigurationPlatforms) = preSolution
		Debug|Any CPU = Debug|Any CPU
		Release|Any CPU = Release|Any CPU
	EndGlobalSection
	GlobalSection(SolutionProperties) = preSolution
		HideSolutionNode = FALSE
	EndGlobalSection
	GlobalSection(ProjectConfigurationPlatforms) = postSolution
		{833F01E7-5BA1-4977-A9CD-B648F1156016}.Debug|Any CPU.ActiveCfg = Debug|Any CPU
		{833F01E7-5BA1-4977-A9CD-B648F1156016}.Debug|Any CPU.Build.0 = Debug|Any CPU
		{833F01E7-5BA1-4977-A9CD-B648F1156016}.Release|Any CPU.ActiveCfg = Release|Any CPU
		{833F01E7-5BA1-4977-A9CD-B648F1156016}.Release|Any CPU.Build.0 = Release|Any CPU
	EndGlobalSection
	GlobalSection(NestedProjects) = preSolution
		{833F01E7-5BA1-4977-A9CD-B648F1156016} = {8B8E0460-FAC3-43AB-A680-F0C362252BF7}
	EndGlobalSection
EndGlobal
